
Microsoft Visual Studio Solution File, Format Version 12.00
# Visual Studio Version 16
VisualStudioVersion = 16.0.30503.244
MinimumVisualStudioVersion = 10.0.40219.1
Project("{2150E333-8FDC-42A3-9474-1A3956D46DE8}") = "src", "src", "{5D99EAA1-8042-44EA-9B42-C47C21B5E70F}"
EndProject
Project("{2150E333-8FDC-42A3-9474-1A3956D46DE8}") = "Catalogue", "Catalogue", "{0CEB1939-E453-4FC6-8F75-D5F74C50F2BB}"
EndProject
Project("{9A19103F-16F7-4668-BE54-9A1E7A4F7556}") = "Catalogue.API", "src\Catalogue\Catalogue.API\Catalogue.API.csproj", "{A381F59B-647C-4C17-A257-4D9FD6FE8680}"
EndProject
Project("{E53339B2-1760-4266-BCC7-CA923CBCF16C}") = "docker-compose", "docker-compose.dcproj", "{AB744428-8096-4A9E-A35C-AF7D0C9C97BC}"
EndProject
Project("{2150E333-8FDC-42A3-9474-1A3956D46DE8}") = "Basket", "Basket", "{E091742B-1385-467C-953E-082DD1C4A493}"
EndProject
Project("{9A19103F-16F7-4668-BE54-9A1E7A4F7556}") = "Basket.API", "src\Basket\Basket.API\Basket.API.csproj", "{90DE326B-A037-488F-BC25-A7CA51D97B7A}"
EndProject
Project("{2150E333-8FDC-42A3-9474-1A3956D46DE8}") = "Common", "Common", "{3D28BF34-1F55-4742-B40E-4CC745D3E0B7}"
EndProject
Project("{9A19103F-16F7-4668-BE54-9A1E7A4F7556}") = "EventBusRabbitMQ", "src\Common\EventBusRabbitMQ\EventBusRabbitMQ.csproj", "{7324EC12-D8B7-405E-8D39-6A731FA73505}"
EndProject
Project("{2150E333-8FDC-42A3-9474-1A3956D46DE8}") = "Orders", "Orders", "{BD7F35B1-9852-4A05-83F5-A4AE4FA56329}"
EndProject
Project("{9A19103F-16F7-4668-BE54-9A1E7A4F7556}") = "Orders.API", "src\Orders\Orders.API\Orders.API.csproj", "{42AC0413-31AA-476F-88B6-8FC05773F35B}"
EndProject
Project("{9A19103F-16F7-4668-BE54-9A1E7A4F7556}") = "Orders.Core", "src\Orders\Orders.Core\Orders.Core.csproj", "{3DD69652-C173-44BE-B57F-EA25CB367F2C}"
EndProject
Project("{9A19103F-16F7-4668-BE54-9A1E7A4F7556}") = "Orders.Infrastructure", "src\Orders\Orders.Infrastructure\Orders.Infrastructure.csproj", "{4AFA7283-A0D2-4985-A0A1-06742DBC024D}"
EndProject
Project("{9A19103F-16F7-4668-BE54-9A1E7A4F7556}") = "Orders.Application", "src\Orders\Orders.Application\Orders.Application.csproj", "{CFF7567C-E297-4FDD-8DA9-493FB3565FAF}"
EndProject
Project("{2150E333-8FDC-42A3-9474-1A3956D46DE8}") = "ApiGateway", "ApiGateway", "{44D4F14B-D4AF-4400-9839-3820F5878889}"
EndProject
Project("{FAE04EC0-301F-11D3-BF4B-00C04F79EFBC}") = "OcelotApiGateway", "src\ApiGateway\OcelotApiGateway\OcelotApiGateway.csproj", "{A80B8BFC-AF6D-4747-AC99-F5F3F222094B}"
EndProject
Global
	GlobalSection(SolutionConfigurationPlatforms) = preSolution
		Debug|Any CPU = Debug|Any CPU
		Release|Any CPU = Release|Any CPU
	EndGlobalSection
	GlobalSection(ProjectConfigurationPlatforms) = postSolution
		{A381F59B-647C-4C17-A257-4D9FD6FE8680}.Debug|Any CPU.ActiveCfg = Debug|Any CPU
		{A381F59B-647C-4C17-A257-4D9FD6FE8680}.Debug|Any CPU.Build.0 = Debug|Any CPU
		{A381F59B-647C-4C17-A257-4D9FD6FE8680}.Release|Any CPU.ActiveCfg = Release|Any CPU
		{A381F59B-647C-4C17-A257-4D9FD6FE8680}.Release|Any CPU.Build.0 = Release|Any CPU
		{AB744428-8096-4A9E-A35C-AF7D0C9C97BC}.Debug|Any CPU.ActiveCfg = Debug|Any CPU
		{AB744428-8096-4A9E-A35C-AF7D0C9C97BC}.Debug|Any CPU.Build.0 = Debug|Any CPU
		{AB744428-8096-4A9E-A35C-AF7D0C9C97BC}.Release|Any CPU.ActiveCfg = Release|Any CPU
		{AB744428-8096-4A9E-A35C-AF7D0C9C97BC}.Release|Any CPU.Build.0 = Release|Any CPU
		{90DE326B-A037-488F-BC25-A7CA51D97B7A}.Debug|Any CPU.ActiveCfg = Debug|Any CPU
		{90DE326B-A037-488F-BC25-A7CA51D97B7A}.Debug|Any CPU.Build.0 = Debug|Any CPU
		{90DE326B-A037-488F-BC25-A7CA51D97B7A}.Release|Any CPU.ActiveCfg = Release|Any CPU
		{90DE326B-A037-488F-BC25-A7CA51D97B7A}.Release|Any CPU.Build.0 = Release|Any CPU
		{7324EC12-D8B7-405E-8D39-6A731FA73505}.Debug|Any CPU.ActiveCfg = Debug|Any CPU
		{7324EC12-D8B7-405E-8D39-6A731FA73505}.Debug|Any CPU.Build.0 = Debug|Any CPU
		{7324EC12-D8B7-405E-8D39-6A731FA73505}.Release|Any CPU.ActiveCfg = Release|Any CPU
		{7324EC12-D8B7-405E-8D39-6A731FA73505}.Release|Any CPU.Build.0 = Release|Any CPU
		{42AC0413-31AA-476F-88B6-8FC05773F35B}.Debug|Any CPU.ActiveCfg = Debug|Any CPU
		{42AC0413-31AA-476F-88B6-8FC05773F35B}.Debug|Any CPU.Build.0 = Debug|Any CPU
		{42AC0413-31AA-476F-88B6-8FC05773F35B}.Release|Any CPU.ActiveCfg = Release|Any CPU
		{42AC0413-31AA-476F-88B6-8FC05773F35B}.Release|Any CPU.Build.0 = Release|Any CPU
		{3DD69652-C173-44BE-B57F-EA25CB367F2C}.Debug|Any CPU.ActiveCfg = Debug|Any CPU
		{3DD69652-C173-44BE-B57F-EA25CB367F2C}.Debug|Any CPU.Build.0 = Debug|Any CPU
		{3DD69652-C173-44BE-B57F-EA25CB367F2C}.Release|Any CPU.ActiveCfg = Release|Any CPU
		{3DD69652-C173-44BE-B57F-EA25CB367F2C}.Release|Any CPU.Build.0 = Release|Any CPU
		{4AFA7283-A0D2-4985-A0A1-06742DBC024D}.Debug|Any CPU.ActiveCfg = Debug|Any CPU
		{4AFA7283-A0D2-4985-A0A1-06742DBC024D}.Debug|Any CPU.Build.0 = Debug|Any CPU
		{4AFA7283-A0D2-4985-A0A1-06742DBC024D}.Release|Any CPU.ActiveCfg = Release|Any CPU
		{4AFA7283-A0D2-4985-A0A1-06742DBC024D}.Release|Any CPU.Build.0 = Release|Any CPU
		{CFF7567C-E297-4FDD-8DA9-493FB3565FAF}.Debug|Any CPU.ActiveCfg = Debug|Any CPU
		{CFF7567C-E297-4FDD-8DA9-493FB3565FAF}.Debug|Any CPU.Build.0 = Debug|Any CPU
		{CFF7567C-E297-4FDD-8DA9-493FB3565FAF}.Release|Any CPU.ActiveCfg = Release|Any CPU
		{CFF7567C-E297-4FDD-8DA9-493FB3565FAF}.Release|Any CPU.Build.0 = Release|Any CPU
		{A80B8BFC-AF6D-4747-AC99-F5F3F222094B}.Debug|Any CPU.ActiveCfg = Debug|Any CPU
		{A80B8BFC-AF6D-4747-AC99-F5F3F222094B}.Debug|Any CPU.Build.0 = Debug|Any CPU
		{A80B8BFC-AF6D-4747-AC99-F5F3F222094B}.Release|Any CPU.ActiveCfg = Release|Any CPU
		{A80B8BFC-AF6D-4747-AC99-F5F3F222094B}.Release|Any CPU.Build.0 = Release|Any CPU
	EndGlobalSection
	GlobalSection(SolutionProperties) = preSolution
		HideSolutionNode = FALSE
	EndGlobalSection
	GlobalSection(NestedProjects) = preSolution
		{0CEB1939-E453-4FC6-8F75-D5F74C50F2BB} = {5D99EAA1-8042-44EA-9B42-C47C21B5E70F}
		{A381F59B-647C-4C17-A257-4D9FD6FE8680} = {0CEB1939-E453-4FC6-8F75-D5F74C50F2BB}
		{E091742B-1385-467C-953E-082DD1C4A493} = {5D99EAA1-8042-44EA-9B42-C47C21B5E70F}
		{90DE326B-A037-488F-BC25-A7CA51D97B7A} = {E091742B-1385-467C-953E-082DD1C4A493}
		{3D28BF34-1F55-4742-B40E-4CC745D3E0B7} = {5D99EAA1-8042-44EA-9B42-C47C21B5E70F}
		{7324EC12-D8B7-405E-8D39-6A731FA73505} = {3D28BF34-1F55-4742-B40E-4CC745D3E0B7}
		{BD7F35B1-9852-4A05-83F5-A4AE4FA56329} = {5D99EAA1-8042-44EA-9B42-C47C21B5E70F}
		{42AC0413-31AA-476F-88B6-8FC05773F35B} = {BD7F35B1-9852-4A05-83F5-A4AE4FA56329}
		{3DD69652-C173-44BE-B57F-EA25CB367F2C} = {BD7F35B1-9852-4A05-83F5-A4AE4FA56329}
		{4AFA7283-A0D2-4985-A0A1-06742DBC024D} = {BD7F35B1-9852-4A05-83F5-A4AE4FA56329}
		{CFF7567C-E297-4FDD-8DA9-493FB3565FAF} = {BD7F35B1-9852-4A05-83F5-A4AE4FA56329}
		{44D4F14B-D4AF-4400-9839-3820F5878889} = {5D99EAA1-8042-44EA-9B42-C47C21B5E70F}
		{A80B8BFC-AF6D-4747-AC99-F5F3F222094B} = {44D4F14B-D4AF-4400-9839-3820F5878889}
	EndGlobalSection
	GlobalSection(ExtensibilityGlobals) = postSolution
		SolutionGuid = {9B9C0BBF-F461-4163-B010-0B79ADEB5F67}
	EndGlobalSection
EndGlobal
